// !$*UTF8*$!
{
	archiveVersion = 1;
	classes = {
	};
	objectVersion = 55;
	objects = {

/* Begin PBXBuildFile section */
		02464074289F9DA9008AADE3 /* DetailViewProtocol.swift in Sources */ = {isa = PBXBuildFile; fileRef = 02464073289F9DA9008AADE3 /* DetailViewProtocol.swift */; };
		02464076289F9DDE008AADE3 /* DetailPresenterProtocol.swift in Sources */ = {isa = PBXBuildFile; fileRef = 02464075289F9DDE008AADE3 /* DetailPresenterProtocol.swift */; };
		02464078289F9E28008AADE3 /* SearchPresenterProtocol.swift in Sources */ = {isa = PBXBuildFile; fileRef = 02464077289F9E28008AADE3 /* SearchPresenterProtocol.swift */; };
		0246407A289F9E95008AADE3 /* SearchInteractorProtocol.swift in Sources */ = {isa = PBXBuildFile; fileRef = 02464079289F9E95008AADE3 /* SearchInteractorProtocol.swift */; };
		0246407D289F9F67008AADE3 /* SearchRouterProtocol.swift in Sources */ = {isa = PBXBuildFile; fileRef = 0246407C289F9F67008AADE3 /* SearchRouterProtocol.swift */; };
		0246407F289F9FCD008AADE3 /* SearchViewProtocol.swift in Sources */ = {isa = PBXBuildFile; fileRef = 0246407E289F9FCD008AADE3 /* SearchViewProtocol.swift */; };
		0259206E289A7D85006B15DF /* AppDelegate.swift in Sources */ = {isa = PBXBuildFile; fileRef = 0259206D289A7D85006B15DF /* AppDelegate.swift */; };
		02592070289A7D85006B15DF /* SceneDelegate.swift in Sources */ = {isa = PBXBuildFile; fileRef = 0259206F289A7D85006B15DF /* SceneDelegate.swift */; };
		02592072289A7D85006B15DF /* SearchViewController.swift in Sources */ = {isa = PBXBuildFile; fileRef = 02592071289A7D85006B15DF /* SearchViewController.swift */; };
		02592077289A7D86006B15DF /* Assets.xcassets in Resources */ = {isa = PBXBuildFile; fileRef = 02592076289A7D86006B15DF /* Assets.xcassets */; };
		026887B8289B146D0081EF5C /* NetworkManager.swift in Sources */ = {isa = PBXBuildFile; fileRef = 026887B7289B146D0081EF5C /* NetworkManager.swift */; };
		026887BA289BC5970081EF5C /* CoctailEntity.swift in Sources */ = {isa = PBXBuildFile; fileRef = 026887B9289BC5970081EF5C /* CoctailEntity.swift */; };
		026887BC289BC6FC0081EF5C /* SearchIteractor.swift in Sources */ = {isa = PBXBuildFile; fileRef = 026887BB289BC6FC0081EF5C /* SearchIteractor.swift */; };
		026887BE289BC90B0081EF5C /* SearchPresenter.swift in Sources */ = {isa = PBXBuildFile; fileRef = 026887BD289BC90B0081EF5C /* SearchPresenter.swift */; };
		026887C1289BCC3F0081EF5C /* SearchRouter.swift in Sources */ = {isa = PBXBuildFile; fileRef = 026887C0289BCC3F0081EF5C /* SearchRouter.swift */; };
		026887C4289BF79F0081EF5C /* CoctailCell.swift in Sources */ = {isa = PBXBuildFile; fileRef = 026887C3289BF79F0081EF5C /* CoctailCell.swift */; };
		026887C6289BF7AC0081EF5C /* CoctailCollection.swift in Sources */ = {isa = PBXBuildFile; fileRef = 026887C5289BF7AC0081EF5C /* CoctailCollection.swift */; };
		026887C8289C289E0081EF5C /* SearchField.swift in Sources */ = {isa = PBXBuildFile; fileRef = 026887C7289C289E0081EF5C /* SearchField.swift */; };
		0281938B289C529C001205CF /* DetailViewController.swift in Sources */ = {isa = PBXBuildFile; fileRef = 0281938A289C529C001205CF /* DetailViewController.swift */; };
		0281938D289D33B0001205CF /* BlurVisualEffectView.swift in Sources */ = {isa = PBXBuildFile; fileRef = 0281938C289D33B0001205CF /* BlurVisualEffectView.swift */; };
		02819393289E7186001205CF /* DetailPresenter.swift in Sources */ = {isa = PBXBuildFile; fileRef = 02819392289E7186001205CF /* DetailPresenter.swift */; };
		3BD6F73BC4199D0CBC112B27 /* Pods_CoctailTestTask.framework in Frameworks */ = {isa = PBXBuildFile; fileRef = 559B15744138778A44AF40F0 /* Pods_CoctailTestTask.framework */; };
/* End PBXBuildFile section */

/* Begin PBXFileReference section */
		02464073289F9DA9008AADE3 /* DetailViewProtocol.swift */ = {isa = PBXFileReference; lastKnownFileType = sourcecode.swift; path = DetailViewProtocol.swift; sourceTree = "<group>"; };
		02464075289F9DDE008AADE3 /* DetailPresenterProtocol.swift */ = {isa = PBXFileReference; lastKnownFileType = sourcecode.swift; path = DetailPresenterProtocol.swift; sourceTree = "<group>"; };
		02464077289F9E28008AADE3 /* SearchPresenterProtocol.swift */ = {isa = PBXFileReference; lastKnownFileType = sourcecode.swift; path = SearchPresenterProtocol.swift; sourceTree = "<group>"; };
		02464079289F9E95008AADE3 /* SearchInteractorProtocol.swift */ = {isa = PBXFileReference; lastKnownFileType = sourcecode.swift; path = SearchInteractorProtocol.swift; sourceTree = "<group>"; };
		0246407C289F9F67008AADE3 /* SearchRouterProtocol.swift */ = {isa = PBXFileReference; lastKnownFileType = sourcecode.swift; path = SearchRouterProtocol.swift; sourceTree = "<group>"; };
		0246407E289F9FCD008AADE3 /* SearchViewProtocol.swift */ = {isa = PBXFileReference; lastKnownFileType = sourcecode.swift; path = SearchViewProtocol.swift; sourceTree = "<group>"; };
		0259206A289A7D85006B15DF /* CoctailTestTask.app */ = {isa = PBXFileReference; explicitFileType = wrapper.application; includeInIndex = 0; path = CoctailTestTask.app; sourceTree = BUILT_PRODUCTS_DIR; };
		0259206D289A7D85006B15DF /* AppDelegate.swift */ = {isa = PBXFileReference; lastKnownFileType = sourcecode.swift; path = AppDelegate.swift; sourceTree = "<group>"; };
		0259206F289A7D85006B15DF /* SceneDelegate.swift */ = {isa = PBXFileReference; lastKnownFileType = sourcecode.swift; path = SceneDelegate.swift; sourceTree = "<group>"; };
		02592071289A7D85006B15DF /* SearchViewController.swift */ = {isa = PBXFileReference; lastKnownFileType = sourcecode.swift; path = SearchViewController.swift; sourceTree = "<group>"; };
		02592076289A7D86006B15DF /* Assets.xcassets */ = {isa = PBXFileReference; lastKnownFileType = folder.assetcatalog; path = Assets.xcassets; sourceTree = "<group>"; };
		0259207B289A7D86006B15DF /* Info.plist */ = {isa = PBXFileReference; lastKnownFileType = text.plist.xml; path = Info.plist; sourceTree = "<group>"; };
		026887B7289B146D0081EF5C /* NetworkManager.swift */ = {isa = PBXFileReference; lastKnownFileType = sourcecode.swift; path = NetworkManager.swift; sourceTree = "<group>"; };
		026887B9289BC5970081EF5C /* CoctailEntity.swift */ = {isa = PBXFileReference; lastKnownFileType = sourcecode.swift; path = CoctailEntity.swift; sourceTree = "<group>"; };
		026887BB289BC6FC0081EF5C /* SearchIteractor.swift */ = {isa = PBXFileReference; lastKnownFileType = sourcecode.swift; path = SearchIteractor.swift; sourceTree = "<group>"; };
		026887BD289BC90B0081EF5C /* SearchPresenter.swift */ = {isa = PBXFileReference; lastKnownFileType = sourcecode.swift; path = SearchPresenter.swift; sourceTree = "<group>"; };
		026887C0289BCC3F0081EF5C /* SearchRouter.swift */ = {isa = PBXFileReference; lastKnownFileType = sourcecode.swift; path = SearchRouter.swift; sourceTree = "<group>"; };
		026887C3289BF79F0081EF5C /* CoctailCell.swift */ = {isa = PBXFileReference; lastKnownFileType = sourcecode.swift; path = CoctailCell.swift; sourceTree = "<group>"; };
		026887C5289BF7AC0081EF5C /* CoctailCollection.swift */ = {isa = PBXFileReference; lastKnownFileType = sourcecode.swift; path = CoctailCollection.swift; sourceTree = "<group>"; };
		026887C7289C289E0081EF5C /* SearchField.swift */ = {isa = PBXFileReference; lastKnownFileType = sourcecode.swift; path = SearchField.swift; sourceTree = "<group>"; };
		0281938A289C529C001205CF /* DetailViewController.swift */ = {isa = PBXFileReference; lastKnownFileType = sourcecode.swift; path = DetailViewController.swift; sourceTree = "<group>"; };
		0281938C289D33B0001205CF /* BlurVisualEffectView.swift */ = {isa = PBXFileReference; lastKnownFileType = sourcecode.swift; path = BlurVisualEffectView.swift; sourceTree = "<group>"; };
		02819392289E7186001205CF /* DetailPresenter.swift */ = {isa = PBXFileReference; lastKnownFileType = sourcecode.swift; path = DetailPresenter.swift; sourceTree = "<group>"; };
		559B15744138778A44AF40F0 /* Pods_CoctailTestTask.framework */ = {isa = PBXFileReference; explicitFileType = wrapper.framework; includeInIndex = 0; path = Pods_CoctailTestTask.framework; sourceTree = BUILT_PRODUCTS_DIR; };
		6DF8A962DC25B53C02D91A7B /* Pods-CoctailTestTask.debug.xcconfig */ = {isa = PBXFileReference; includeInIndex = 1; lastKnownFileType = text.xcconfig; name = "Pods-CoctailTestTask.debug.xcconfig"; path = "Target Support Files/Pods-CoctailTestTask/Pods-CoctailTestTask.debug.xcconfig"; sourceTree = "<group>"; };
		AE4640D61E47F1E7D0139F8A /* Pods-CoctailTestTask.release.xcconfig */ = {isa = PBXFileReference; includeInIndex = 1; lastKnownFileType = text.xcconfig; name = "Pods-CoctailTestTask.release.xcconfig"; path = "Target Support Files/Pods-CoctailTestTask/Pods-CoctailTestTask.release.xcconfig"; sourceTree = "<group>"; };
/* End PBXFileReference section */

/* Begin PBXFrameworksBuildPhase section */
		02592067289A7D85006B15DF /* Frameworks */ = {
			isa = PBXFrameworksBuildPhase;
			buildActionMask = 2147483647;
			files = (
				3BD6F73BC4199D0CBC112B27 /* Pods_CoctailTestTask.framework in Frameworks */,
			);
			runOnlyForDeploymentPostprocessing = 0;
		};
/* End PBXFrameworksBuildPhase section */

/* Begin PBXGroup section */
		0246407B289F9EBE008AADE3 /* Entities */ = {
			isa = PBXGroup;
			children = (
				026887B9289BC5970081EF5C /* CoctailEntity.swift */,
			);
			path = Entities;
			sourceTree = "<group>";
		};
		02592061289A7D85006B15DF = {
			isa = PBXGroup;
			children = (
				0259206C289A7D85006B15DF /* CoctailTestTask */,
				0259206B289A7D85006B15DF /* Products */,
				A206CCF1D9815D3E6A46EEDA /* Pods */,
				E56DC2F4C1086864204B8C9D /* Frameworks */,
			);
			sourceTree = "<group>";
		};
		0259206B289A7D85006B15DF /* Products */ = {
			isa = PBXGroup;
			children = (
				0259206A289A7D85006B15DF /* CoctailTestTask.app */,
			);
			name = Products;
			sourceTree = "<group>";
		};
		0259206C289A7D85006B15DF /* CoctailTestTask */ = {
			isa = PBXGroup;
			children = (
				0281938F289E6EF9001205CF /* Modules */,
				026887CB289C31640081EF5C /* App */,
				0246407B289F9EBE008AADE3 /* Entities */,
				026887C9289C310D0081EF5C /* Services */,
				026887CA289C31210081EF5C /* Resourses */,
			);
			path = CoctailTestTask;
			sourceTree = "<group>";
		};
		026887C2289BF7860081EF5C /* SearchViews */ = {
			isa = PBXGroup;
			children = (
				0246407E289F9FCD008AADE3 /* SearchViewProtocol.swift */,
				02592071289A7D85006B15DF /* SearchViewController.swift */,
				0281938C289D33B0001205CF /* BlurVisualEffectView.swift */,
				026887C7289C289E0081EF5C /* SearchField.swift */,
				026887C3289BF79F0081EF5C /* CoctailCell.swift */,
				026887C5289BF7AC0081EF5C /* CoctailCollection.swift */,
			);
			path = SearchViews;
			sourceTree = "<group>";
		};
		026887C9289C310D0081EF5C /* Services */ = {
			isa = PBXGroup;
			children = (
				026887B7289B146D0081EF5C /* NetworkManager.swift */,
			);
			path = Services;
			sourceTree = "<group>";
		};
		026887CA289C31210081EF5C /* Resourses */ = {
			isa = PBXGroup;
			children = (
				02592076289A7D86006B15DF /* Assets.xcassets */,
			);
			path = Resourses;
			sourceTree = "<group>";
		};
		026887CB289C31640081EF5C /* App */ = {
			isa = PBXGroup;
			children = (
				0259206F289A7D85006B15DF /* SceneDelegate.swift */,
				0259206D289A7D85006B15DF /* AppDelegate.swift */,
				0259207B289A7D86006B15DF /* Info.plist */,
			);
			path = App;
			sourceTree = "<group>";
		};
		0281938F289E6EF9001205CF /* Modules */ = {
			isa = PBXGroup;
			children = (
				02819391289E6F55001205CF /* DetailModule */,
				02819390289E6F03001205CF /* SearchModule */,
			);
			path = Modules;
			sourceTree = "<group>";
		};
		02819390289E6F03001205CF /* SearchModule */ = {
			isa = PBXGroup;
			children = (
				02464077289F9E28008AADE3 /* SearchPresenterProtocol.swift */,
				026887BD289BC90B0081EF5C /* SearchPresenter.swift */,
				02464079289F9E95008AADE3 /* SearchInteractorProtocol.swift */,
				026887BB289BC6FC0081EF5C /* SearchIteractor.swift */,
				0246407C289F9F67008AADE3 /* SearchRouterProtocol.swift */,
				026887C0289BCC3F0081EF5C /* SearchRouter.swift */,
				026887C2289BF7860081EF5C /* SearchViews */,
			);
			path = SearchModule;
			sourceTree = "<group>";
		};
		02819391289E6F55001205CF /* DetailModule */ = {
			isa = PBXGroup;
			children = (
				02464073289F9DA9008AADE3 /* DetailViewProtocol.swift */,
				0281938A289C529C001205CF /* DetailViewController.swift */,
				02464075289F9DDE008AADE3 /* DetailPresenterProtocol.swift */,
				02819392289E7186001205CF /* DetailPresenter.swift */,
			);
			path = DetailModule;
			sourceTree = "<group>";
		};
		A206CCF1D9815D3E6A46EEDA /* Pods */ = {
			isa = PBXGroup;
			children = (
				6DF8A962DC25B53C02D91A7B /* Pods-CoctailTestTask.debug.xcconfig */,
				AE4640D61E47F1E7D0139F8A /* Pods-CoctailTestTask.release.xcconfig */,
			);
			path = Pods;
			sourceTree = "<group>";
		};
		E56DC2F4C1086864204B8C9D /* Frameworks */ = {
			isa = PBXGroup;
			children = (
				559B15744138778A44AF40F0 /* Pods_CoctailTestTask.framework */,
			);
			name = Frameworks;
			sourceTree = "<group>";
		};
/* End PBXGroup section */

/* Begin PBXNativeTarget section */
		02592069289A7D85006B15DF /* CoctailTestTask */ = {
			isa = PBXNativeTarget;
			buildConfigurationList = 0259207E289A7D86006B15DF /* Build configuration list for PBXNativeTarget "CoctailTestTask" */;
			buildPhases = (
				E1A624B4820857256797A0A6 /* [CP] Check Pods Manifest.lock */,
				02592066289A7D85006B15DF /* Sources */,
				02592067289A7D85006B15DF /* Frameworks */,
				02592068289A7D85006B15DF /* Resources */,
				54691D123A253F7418A1F1AB /* [CP] Embed Pods Frameworks */,
			);
			buildRules = (
			);
			dependencies = (
			);
			name = CoctailTestTask;
			productName = CoctailTestTask;
			productReference = 0259206A289A7D85006B15DF /* CoctailTestTask.app */;
			productType = "com.apple.product-type.application";
		};
/* End PBXNativeTarget section */

/* Begin PBXProject section */
		02592062289A7D85006B15DF /* Project object */ = {
			isa = PBXProject;
			attributes = {
				BuildIndependentTargetsInParallel = 1;
				LastSwiftUpdateCheck = 1340;
				LastUpgradeCheck = 1340;
				TargetAttributes = {
					02592069289A7D85006B15DF = {
						CreatedOnToolsVersion = 13.4.1;
					};
				};
			};
			buildConfigurationList = 02592065289A7D85006B15DF /* Build configuration list for PBXProject "CoctailTestTask" */;
			compatibilityVersion = "Xcode 13.0";
			developmentRegion = en;
			hasScannedForEncodings = 0;
			knownRegions = (
				en,
				Base,
			);
			mainGroup = 02592061289A7D85006B15DF;
			productRefGroup = 0259206B289A7D85006B15DF /* Products */;
			projectDirPath = "";
			projectRoot = "";
			targets = (
				02592069289A7D85006B15DF /* CoctailTestTask */,
			);
		};
/* End PBXProject section */

/* Begin PBXResourcesBuildPhase section */
		02592068289A7D85006B15DF /* Resources */ = {
			isa = PBXResourcesBuildPhase;
			buildActionMask = 2147483647;
			files = (
				02592077289A7D86006B15DF /* Assets.xcassets in Resources */,
			);
			runOnlyForDeploymentPostprocessing = 0;
		};
/* End PBXResourcesBuildPhase section */

/* Begin PBXShellScriptBuildPhase section */
		54691D123A253F7418A1F1AB /* [CP] Embed Pods Frameworks */ = {
			isa = PBXShellScriptBuildPhase;
			buildActionMask = 2147483647;
			files = (
			);
			inputFileListPaths = (
				"${PODS_ROOT}/Target Support Files/Pods-CoctailTestTask/Pods-CoctailTestTask-frameworks-${CONFIGURATION}-input-files.xcfilelist",
			);
			name = "[CP] Embed Pods Frameworks";
			outputFileListPaths = (
				"${PODS_ROOT}/Target Support Files/Pods-CoctailTestTask/Pods-CoctailTestTask-frameworks-${CONFIGURATION}-output-files.xcfilelist",
			);
			runOnlyForDeploymentPostprocessing = 0;
			shellPath = /bin/sh;
			shellScript = "\"${PODS_ROOT}/Target Support Files/Pods-CoctailTestTask/Pods-CoctailTestTask-frameworks.sh\"\n";
			showEnvVarsInLog = 0;
		};
		E1A624B4820857256797A0A6 /* [CP] Check Pods Manifest.lock */ = {
			isa = PBXShellScriptBuildPhase;
			buildActionMask = 2147483647;
			files = (
			);
			inputFileListPaths = (
			);
			inputPaths = (
				"${PODS_PODFILE_DIR_PATH}/Podfile.lock",
				"${PODS_ROOT}/Manifest.lock",
			);
			name = "[CP] Check Pods Manifest.lock";
			outputFileListPaths = (
			);
			outputPaths = (
				"$(DERIVED_FILE_DIR)/Pods-CoctailTestTask-checkManifestLockResult.txt",
			);
			runOnlyForDeploymentPostprocessing = 0;
			shellPath = /bin/sh;
			shellScript = "diff \"${PODS_PODFILE_DIR_PATH}/Podfile.lock\" \"${PODS_ROOT}/Manifest.lock\" > /dev/null\nif [ $? != 0 ] ; then\n    # print error to STDERR\n    echo \"error: The sandbox is not in sync with the Podfile.lock. Run 'pod install' or update your CocoaPods installation.\" >&2\n    exit 1\nfi\n# This output is used by Xcode 'outputs' to avoid re-running this script phase.\necho \"SUCCESS\" > \"${SCRIPT_OUTPUT_FILE_0}\"\n";
			showEnvVarsInLog = 0;
		};
/* End PBXShellScriptBuildPhase section */

/* Begin PBXSourcesBuildPhase section */
		02592066289A7D85006B15DF /* Sources */ = {
			isa = PBXSourcesBuildPhase;
			buildActionMask = 2147483647;
			files = (
				026887B8289B146D0081EF5C /* NetworkManager.swift in Sources */,
				026887C4289BF79F0081EF5C /* CoctailCell.swift in Sources */,
				026887BC289BC6FC0081EF5C /* SearchIteractor.swift in Sources */,
				0281938B289C529C001205CF /* DetailViewController.swift in Sources */,
				02464074289F9DA9008AADE3 /* DetailViewProtocol.swift in Sources */,
				02464076289F9DDE008AADE3 /* DetailPresenterProtocol.swift in Sources */,
				0246407A289F9E95008AADE3 /* SearchInteractorProtocol.swift in Sources */,
				026887BA289BC5970081EF5C /* CoctailEntity.swift in Sources */,
				02819393289E7186001205CF /* DetailPresenter.swift in Sources */,
				026887C8289C289E0081EF5C /* SearchField.swift in Sources */,
				0246407F289F9FCD008AADE3 /* SearchViewProtocol.swift in Sources */,
				02592072289A7D85006B15DF /* SearchViewController.swift in Sources */,
				0246407D289F9F67008AADE3 /* SearchRouterProtocol.swift in Sources */,
				0259206E289A7D85006B15DF /* AppDelegate.swift in Sources */,
				026887BE289BC90B0081EF5C /* SearchPresenter.swift in Sources */,
				0281938D289D33B0001205CF /* BlurVisualEffectView.swift in Sources */,
				026887C6289BF7AC0081EF5C /* CoctailCollection.swift in Sources */,
				026887C1289BCC3F0081EF5C /* SearchRouter.swift in Sources */,
				02592070289A7D85006B15DF /* SceneDelegate.swift in Sources */,
				02464078289F9E28008AADE3 /* SearchPresenterProtocol.swift in Sources */,
			);
			runOnlyForDeploymentPostprocessing = 0;
		};
/* End PBXSourcesBuildPhase section */

/* Begin XCBuildConfiguration section */
		0259207C289A7D86006B15DF /* Debug */ = {
			isa = XCBuildConfiguration;
			buildSettings = {
				ALWAYS_SEARCH_USER_PATHS = NO;
				CLANG_ANALYZER_NONNULL = YES;
				CLANG_ANALYZER_NUMBER_OBJECT_CONVERSION = YES_AGGRESSIVE;
				CLANG_CXX_LANGUAGE_STANDARD = "gnu++17";
				CLANG_ENABLE_MODULES = YES;
				CLANG_ENABLE_OBJC_ARC = YES;
				CLANG_ENABLE_OBJC_WEAK = YES;
				CLANG_WARN_BLOCK_CAPTURE_AUTORELEASING = YES;
				CLANG_WARN_BOOL_CONVERSION = YES;
				CLANG_WARN_COMMA = YES;
				CLANG_WARN_CONSTANT_CONVERSION = YES;
				CLANG_WARN_DEPRECATED_OBJC_IMPLEMENTATIONS = YES;
				CLANG_WARN_DIRECT_OBJC_ISA_USAGE = YES_ERROR;
				CLANG_WARN_DOCUMENTATION_COMMENTS = YES;
				CLANG_WARN_EMPTY_BODY = YES;
				CLANG_WARN_ENUM_CONVERSION = YES;
				CLANG_WARN_INFINITE_RECURSION = YES;
				CLANG_WARN_INT_CONVERSION = YES;
				CLANG_WARN_NON_LITERAL_NULL_CONVERSION = YES;
				CLANG_WARN_OBJC_IMPLICIT_RETAIN_SELF = YES;
				CLANG_WARN_OBJC_LITERAL_CONVERSION = YES;
				CLANG_WARN_OBJC_ROOT_CLASS = YES_ERROR;
				CLANG_WARN_QUOTED_INCLUDE_IN_FRAMEWORK_HEADER = YES;
				CLANG_WARN_RANGE_LOOP_ANALYSIS = YES;
				CLANG_WARN_STRICT_PROTOTYPES = YES;
				CLANG_WARN_SUSPICIOUS_MOVE = YES;
				CLANG_WARN_UNGUARDED_AVAILABILITY = YES_AGGRESSIVE;
				CLANG_WARN_UNREACHABLE_CODE = YES;
				CLANG_WARN__DUPLICATE_METHOD_MATCH = YES;
				COPY_PHASE_STRIP = NO;
				DEBUG_INFORMATION_FORMAT = dwarf;
				ENABLE_STRICT_OBJC_MSGSEND = YES;
				ENABLE_TESTABILITY = YES;
				GCC_C_LANGUAGE_STANDARD = gnu11;
				GCC_DYNAMIC_NO_PIC = NO;
				GCC_NO_COMMON_BLOCKS = YES;
				GCC_OPTIMIZATION_LEVEL = 0;
				GCC_PREPROCESSOR_DEFINITIONS = (
					"DEBUG=1",
					"$(inherited)",
				);
				GCC_WARN_64_TO_32_BIT_CONVERSION = YES;
				GCC_WARN_ABOUT_RETURN_TYPE = YES_ERROR;
				GCC_WARN_UNDECLARED_SELECTOR = YES;
				GCC_WARN_UNINITIALIZED_AUTOS = YES_AGGRESSIVE;
				GCC_WARN_UNUSED_FUNCTION = YES;
				GCC_WARN_UNUSED_VARIABLE = YES;
				IPHONEOS_DEPLOYMENT_TARGET = 15.5;
				MTL_ENABLE_DEBUG_INFO = INCLUDE_SOURCE;
				MTL_FAST_MATH = YES;
				ONLY_ACTIVE_ARCH = YES;
				SDKROOT = iphoneos;
				SWIFT_ACTIVE_COMPILATION_CONDITIONS = DEBUG;
				SWIFT_OPTIMIZATION_LEVEL = "-Onone";
			};
			name = Debug;
		};
		0259207D289A7D86006B15DF /* Release */ = {
			isa = XCBuildConfiguration;
			buildSettings = {
				ALWAYS_SEARCH_USER_PATHS = NO;
				CLANG_ANALYZER_NONNULL = YES;
				CLANG_ANALYZER_NUMBER_OBJECT_CONVERSION = YES_AGGRESSIVE;
				CLANG_CXX_LANGUAGE_STANDARD = "gnu++17";
				CLANG_ENABLE_MODULES = YES;
				CLANG_ENABLE_OBJC_ARC = YES;
				CLANG_ENABLE_OBJC_WEAK = YES;
				CLANG_WARN_BLOCK_CAPTURE_AUTORELEASING = YES;
				CLANG_WARN_BOOL_CONVERSION = YES;
				CLANG_WARN_COMMA = YES;
				CLANG_WARN_CONSTANT_CONVERSION = YES;
				CLANG_WARN_DEPRECATED_OBJC_IMPLEMENTATIONS = YES;
				CLANG_WARN_DIRECT_OBJC_ISA_USAGE = YES_ERROR;
				CLANG_WARN_DOCUMENTATION_COMMENTS = YES;
				CLANG_WARN_EMPTY_BODY = YES;
				CLANG_WARN_ENUM_CONVERSION = YES;
				CLANG_WARN_INFINITE_RECURSION = YES;
				CLANG_WARN_INT_CONVERSION = YES;
				CLANG_WARN_NON_LITERAL_NULL_CONVERSION = YES;
				CLANG_WARN_OBJC_IMPLICIT_RETAIN_SELF = YES;
				CLANG_WARN_OBJC_LITERAL_CONVERSION = YES;
				CLANG_WARN_OBJC_ROOT_CLASS = YES_ERROR;
				CLANG_WARN_QUOTED_INCLUDE_IN_FRAMEWORK_HEADER = YES;
				CLANG_WARN_RANGE_LOOP_ANALYSIS = YES;
				CLANG_WARN_STRICT_PROTOTYPES = YES;
				CLANG_WARN_SUSPICIOUS_MOVE = YES;
				CLANG_WARN_UNGUARDED_AVAILABILITY = YES_AGGRESSIVE;
				CLANG_WARN_UNREACHABLE_CODE = YES;
				CLANG_WARN__DUPLICATE_METHOD_MATCH = YES;
				COPY_PHASE_STRIP = NO;
				DEBUG_INFORMATION_FORMAT = "dwarf-with-dsym";
				ENABLE_NS_ASSERTIONS = NO;
				ENABLE_STRICT_OBJC_MSGSEND = YES;
				GCC_C_LANGUAGE_STANDARD = gnu11;
				GCC_NO_COMMON_BLOCKS = YES;
				GCC_WARN_64_TO_32_BIT_CONVERSION = YES;
				GCC_WARN_ABOUT_RETURN_TYPE = YES_ERROR;
				GCC_WARN_UNDECLARED_SELECTOR = YES;
				GCC_WARN_UNINITIALIZED_AUTOS = YES_AGGRESSIVE;
				GCC_WARN_UNUSED_FUNCTION = YES;
				GCC_WARN_UNUSED_VARIABLE = YES;
				IPHONEOS_DEPLOYMENT_TARGET = 15.5;
				MTL_ENABLE_DEBUG_INFO = NO;
				MTL_FAST_MATH = YES;
				SDKROOT = iphoneos;
				SWIFT_COMPILATION_MODE = wholemodule;
				SWIFT_OPTIMIZATION_LEVEL = "-O";
				VALIDATE_PRODUCT = YES;
			};
			name = Release;
		};
		0259207F289A7D86006B15DF /* Debug */ = {
			isa = XCBuildConfiguration;
			baseConfigurationReference = 6DF8A962DC25B53C02D91A7B /* Pods-CoctailTestTask.debug.xcconfig */;
			buildSettings = {
				ASSETCATALOG_COMPILER_APPICON_NAME = AppIcon;
				ASSETCATALOG_COMPILER_GLOBAL_ACCENT_COLOR_NAME = AccentColor;
				CODE_SIGN_STYLE = Automatic;
				CURRENT_PROJECT_VERSION = 1;
				DEVELOPMENT_TEAM = R82749YG66;
				GENERATE_INFOPLIST_FILE = YES;
				INFOPLIST_FILE = CoctailTestTask/App/Info.plist;
				INFOPLIST_KEY_UIApplicationSupportsIndirectInputEvents = YES;
				INFOPLIST_KEY_UILaunchStoryboardName = LaunchScreen;
				INFOPLIST_KEY_UISupportedInterfaceOrientations = UIInterfaceOrientationPortrait;
				INFOPLIST_KEY_UISupportedInterfaceOrientations_iPad = "UIInterfaceOrientationPortrait UIInterfaceOrientationPortraitUpsideDown UIInterfaceOrientationLandscapeLeft UIInterfaceOrientationLandscapeRight";
				INFOPLIST_KEY_UISupportedInterfaceOrientations_iPhone = "UIInterfaceOrientationPortrait UIInterfaceOrientationLandscapeLeft UIInterfaceOrientationLandscapeRight";
				IPHONEOS_DEPLOYMENT_TARGET = 15.0;
				LD_RUNPATH_SEARCH_PATHS = (
					"$(inherited)",
					"@executable_path/Frameworks",
				);
				MARKETING_VERSION = 1.0;
				PRODUCT_BUNDLE_IDENTIFIER = sibe57.CoctailTestTask;
				PRODUCT_NAME = "$(TARGET_NAME)";
				SWIFT_EMIT_LOC_STRINGS = YES;
				SWIFT_VERSION = 5.0;
				TARGETED_DEVICE_FAMILY = 1;
			};
			name = Debug;
		};
		02592080289A7D86006B15DF /* Release */ = {
			isa = XCBuildConfiguration;
			baseConfigurationReference = AE4640D61E47F1E7D0139F8A /* Pods-CoctailTestTask.release.xcconfig */;
			buildSettings = {
				ASSETCATALOG_COMPILER_APPICON_NAME = AppIcon;
				ASSETCATALOG_COMPILER_GLOBAL_ACCENT_COLOR_NAME = AccentColor;
				CODE_SIGN_STYLE = Automatic;
				CURRENT_PROJECT_VERSION = 1;
				DEVELOPMENT_TEAM = R82749YG66;
				GENERATE_INFOPLIST_FILE = YES;
				INFOPLIST_FILE = CoctailTestTask/App/Info.plist;
				INFOPLIST_KEY_UIApplicationSupportsIndirectInputEvents = YES;
				INFOPLIST_KEY_UILaunchStoryboardName = LaunchScreen;
				INFOPLIST_KEY_UISupportedInterfaceOrientations = UIInterfaceOrientationPortrait;
				INFOPLIST_KEY_UISupportedInterfaceOrientations_iPad = "UIInterfaceOrientationPortrait UIInterfaceOrientationPortraitUpsideDown UIInterfaceOrientationLandscapeLeft UIInterfaceOrientationLandscapeRight";
				INFOPLIST_KEY_UISupportedInterfaceOrientations_iPhone = "UIInterfaceOrientationPortrait UIInterfaceOrientationLandscapeLeft UIInterfaceOrientationLandscapeRight";
				IPHONEOS_DEPLOYMENT_TARGET = 15.0;
				LD_RUNPATH_SEARCH_PATHS = (
					"$(inherited)",
					"@executable_path/Frameworks",
				);
				MARKETING_VERSION = 1.0;
				PRODUCT_BUNDLE_IDENTIFIER = sibe57.CoctailTestTask;
				PRODUCT_NAME = "$(TARGET_NAME)";
				SWIFT_EMIT_LOC_STRINGS = YES;
				SWIFT_VERSION = 5.0;
				TARGETED_DEVICE_FAMILY = 1;
			};
			name = Release;
		};
/* End XCBuildConfiguration section */

/* Begin XCConfigurationList section */
		02592065289A7D85006B15DF /* Build configuration list for PBXProject "CoctailTestTask" */ = {
			isa = XCConfigurationList;
			buildConfigurations = (
				0259207C289A7D86006B15DF /* Debug */,
				0259207D289A7D86006B15DF /* Release */,
			);
			defaultConfigurationIsVisible = 0;
			defaultConfigurationName = Release;
		};
		0259207E289A7D86006B15DF /* Build configuration list for PBXNativeTarget "CoctailTestTask" */ = {
			isa = XCConfigurationList;
			buildConfigurations = (
				0259207F289A7D86006B15DF /* Debug */,
				02592080289A7D86006B15DF /* Release */,
			);
			defaultConfigurationIsVisible = 0;
			defaultConfigurationName = Release;
		};
/* End XCConfigurationList section */
	};
	rootObject = 02592062289A7D85006B15DF /* Project object */;
}
